{"components":{"builtins":["canon/builtins.yaml"],"conformance":["canon/conformance.yaml"],"diagnostics":["canon/diagnostics/registry.yaml"],"features":["canon/features.yaml"],"grammar":["canon/grammar.yaml"],"laws":["canon/laws/yaml-profile.yaml"],"migrations":["canon/migrations.yaml"],"projections":["canon/projections.yaml"],"snippets":["canon/snippets/registry.yaml"],"surface":["canon/surface.yaml"],"templates":["canon/templates/registry.yaml"],"tombstones":["canon/tombstones.yaml"],"types":["canon/types.yaml"]},"generator":{"identity":"ssot-compiler","source_sha256":"sha256:8afcb4145a78e77350185b6f805b40a7440d6bf1073f6d459825de6f3fb4136a","version":"0.1.0-sandbox"},"law_count":18,"leaves":{"canon/builtins.yaml":"sha256:b612b17c61d534f058b90d00568048fc1efc04e7f38a94f914e2d92057a22c4a","canon/conformance.yaml":"sha256:2fcf085c2f9aa3871fc1e9398c798651a857ebdb737b5ce3843f37f4181b4202","canon/diagnostics/registry.yaml":"sha256:9c5f83b3339bea22a8c763a9b36588f0e14f92fb71d3dd179cc0fb0eb982f92d","canon/features.yaml":"sha256:00232c0ab26b8dcd3a849c1e9b560a0f1f3a754eeb698733ff5eff248efcfe63","canon/grammar.yaml":"sha256:b39be79d4869f2ecd5984b5f3bb56bd9c36042bb38f70ea8a2bd5e66f472b8f5","canon/laws/yaml-profile.yaml":"sha256:0185ac2eaa1b9c0c02d23cf10e7366f2d7384391aa2ebd54e90b560d7d859579","canon/migrations.yaml":"sha256:f174c60d908d04d6ec235576d46d99b20d9dfdb409b7ac4f650e518073d1391d","canon/projections.yaml":"sha256:8827ae3433cb2a14758616d63dd74779cbabd2734e64492fde6860eaac3b0481","canon/snippets/registry.yaml":"sha256:48e4de76ea3b99a1f19c23d8e1e0eb273bbeb844b5f491510a9b36107320e378","canon/surface.yaml":"sha256:78a140e4b1cdf634c2eed3562979d1b9e940513242f931b89d2e7f48f08a5fe6","canon/templates/registry.yaml":"sha256:28e6e43d9ec56c2af4e657ef47c7090ea4094af2cd87b5a5c662b1d21062a836","canon/tombstones.yaml":"sha256:baf51000ebb0cf9d86adc5dbfc4c2d64478a779cd95cb65616379a1fc47c5778","canon/types.yaml":"sha256:4c72cc0a3880f1dc42900a68469ca79d588d754e90570dc150ca4d2f8939e0a5","projections/laws-index.json":"sha256:ea382f4b2b5201bf7c9f56c20e2a0b506bc6de10313bb1625762d00b09d07419"},"registry_row_counts":{"builtins":1,"conformance":4,"diagnostics":11,"features":1,"grammar":5,"migrations":7,"projections":1,"snippets":1,"surface":1,"templates":1,"tombstones":1,"types":1},"ssot_lock_format":1}
