{"components":{"builtins":["canon/builtins.yaml"],"conformance":["canon/conformance.yaml"],"diagnostics":["canon/diagnostics/registry.yaml"],"features":["canon/features.yaml"],"grammar":["canon/grammar.yaml"],"laws":["canon/laws/assertions.yaml","canon/laws/authority.yaml","canon/laws/constructors.yaml","canon/laws/features.yaml","canon/laws/gates.yaml","canon/laws/guarantees.yaml","canon/laws/model.yaml","canon/laws/outputs.yaml","canon/laws/recovery.yaml","canon/laws/temporal.yaml","canon/laws/types.yaml","canon/laws/values.yaml","canon/laws/yaml-profile.yaml"],"migrations":["canon/migrations.yaml"],"projections":["canon/projections.yaml"],"snippets":["canon/snippets/registry.yaml"],"surface":["canon/surface.yaml"],"templates":["canon/templates/registry.yaml"],"tombstones":["canon/tombstones.yaml"],"types":["canon/types.yaml"]},"generator":{"identity":"ssot-compiler","source_sha256":"sha256:bc2e0d2cbf91aa95423afd0941f11b601df0a3ec4eb982dd7091f9936c0e5033","version":"0.2.0-sandbox"},"law_count":147,"leaves":{"canon/builtins.yaml":"sha256:c69102989cdb7ea175d205bf81b818acd25aca9aa010204386b76bb07a37e5fb","canon/conformance.yaml":"sha256:37b409159d30dd620a8653d423537a9601fe0303b0b119a03f5e7c5bea0bac85","canon/diagnostics/registry.yaml":"sha256:07cbd8793090088000fd4afa2b253333f3433a57522a021ef54b36bd3e6e85ef","canon/features.yaml":"sha256:784f8aa3906291bea2aed89df2816d433afc2d4315b7af3eafa009a40c5c112e","canon/grammar.yaml":"sha256:386708c72841e896a63ff0dc6fdc034c0417963af162730ceabb8fe1442de0fe","canon/laws/assertions.yaml":"sha256:3b8acab9a11ff60799218b6541567097486b54eab0f3b35fa3e9507fe02a1b50","canon/laws/authority.yaml":"sha256:99e12006e35f745f867647b06f7cc731ed8b4f80905cf9a3c4bb31a6c0f55570","canon/laws/constructors.yaml":"sha256:01ab511b28372a89819e78c27e64ce528d24ade6e8ae0b04be44867b28e8a46f","canon/laws/features.yaml":"sha256:80fabf35463b4fceb850f65c3d471d757c7d65227187364879a3aa7fd2069cc8","canon/laws/gates.yaml":"sha256:45d489b6d5c53f6f557b053a8edaf4242028ac6a29edcaa321caf9a2a0766774","canon/laws/guarantees.yaml":"sha256:2ac2f64d0c3ed81387ca87dfa23a58a45ac2a1b625ad531ab4df2be0fe49cb4e","canon/laws/model.yaml":"sha256:c188723ef0cfcec63fd6148e235098e55d957e876e30df8aa7127733aeffdba6","canon/laws/outputs.yaml":"sha256:394229de6913f1f72dc27184c1e387b10e32976d40b6e8462ff47ae78dfce547","canon/laws/recovery.yaml":"sha256:b1223250ff99565abed75a1dcee9bd165d32ba65ec48b4870027f8505df33b08","canon/laws/temporal.yaml":"sha256:74e28206b15f32360ddc8526ce507a91746eaaaefa63dccf35dd132ad7cd6fd0","canon/laws/types.yaml":"sha256:1360d12b38012636a04fe5896724b9be771e2703ab04faca3dbb3c1291b818af","canon/laws/values.yaml":"sha256:333a11289c21157432d392a44e9673760fdfc043084aa43cb603c977a06db31b","canon/laws/yaml-profile.yaml":"sha256:70855dcdfc8ceff7e1124b4f2cc2af373f0eef12483de945167e2254c1e55c20","canon/migrations.yaml":"sha256:f174c60d908d04d6ec235576d46d99b20d9dfdb409b7ac4f650e518073d1391d","canon/projections.yaml":"sha256:5aa9e7029a28bf21a2f6a4d388915f24d81cb59b4e823be6c523f2d73bb84358","canon/snippets/registry.yaml":"sha256:48e4de76ea3b99a1f19c23d8e1e0eb273bbeb844b5f491510a9b36107320e378","canon/surface.yaml":"sha256:74fb80d7dffe6ada2cf7ce53efe10a81d77b9fbc5b8230f3cdf911a1d7c8bac5","canon/templates/registry.yaml":"sha256:0bec952608b9ecb5d3a365cfb998fc916aa50c50faa58d5fcb093574d679124a","canon/tombstones.yaml":"sha256:623cdc1f4e095a8f3346c7833d10fea8254069e8adbedf803ace18727e731747","canon/types.yaml":"sha256:0466678ae37b88e871df0705823c11c03de7aaa9d770d97c71ab790f47fa809c","projections/laws-index.json":"sha256:1e8ed3298086a25fea019ba5f6d91285deef209ec985ba96abff3a9230ef905e"},"registry_row_counts":{"builtins":28,"conformance":8,"diagnostics":93,"features":6,"grammar":34,"migrations":7,"projections":2,"snippets":1,"surface":25,"templates":10,"tombstones":3,"types":2},"ssot_lock_format":1}
