{"components":{"builtins":["canon/builtins.yaml"],"conformance":["canon/conformance.yaml"],"diagnostics":["canon/diagnostics/registry.yaml"],"features":["canon/features.yaml"],"grammar":["canon/grammar.yaml"],"laws":["canon/laws/assertions.yaml","canon/laws/authority.yaml","canon/laws/constructors.yaml","canon/laws/features.yaml","canon/laws/gates.yaml","canon/laws/guarantees.yaml","canon/laws/model.yaml","canon/laws/outputs.yaml","canon/laws/recovery.yaml","canon/laws/temporal.yaml","canon/laws/types.yaml","canon/laws/values.yaml","canon/laws/yaml-profile.yaml"],"migrations":["canon/migrations.yaml"],"projections":["canon/projections.yaml"],"providers":["canon/providers.yaml"],"snippets":["canon/snippets/registry.yaml"],"surface":["canon/surface.yaml"],"templates":["canon/templates/registry.yaml"],"tombstones":["canon/tombstones.yaml"],"types":["canon/types.yaml"]},"generator":{"identity":"ssot-compiler","source_sha256":"sha256:74494a17c00fd29401bd7598aadaecd52d36ef0986a5f17c3716329eee16c000","version":"0.2.0-sandbox"},"law_count":147,"leaves":{"canon/builtins.yaml":"sha256:c69102989cdb7ea175d205bf81b818acd25aca9aa010204386b76bb07a37e5fb","canon/conformance.yaml":"sha256:37b409159d30dd620a8653d423537a9601fe0303b0b119a03f5e7c5bea0bac85","canon/diagnostics/registry.yaml":"sha256:c83f225ae602e1adc95d69ea45fb931a967cf852dc607aa1bfb24270096e4316","canon/features.yaml":"sha256:784f8aa3906291bea2aed89df2816d433afc2d4315b7af3eafa009a40c5c112e","canon/grammar.yaml":"sha256:386708c72841e896a63ff0dc6fdc034c0417963af162730ceabb8fe1442de0fe","canon/laws/assertions.yaml":"sha256:3b8acab9a11ff60799218b6541567097486b54eab0f3b35fa3e9507fe02a1b50","canon/laws/authority.yaml":"sha256:99e12006e35f745f867647b06f7cc731ed8b4f80905cf9a3c4bb31a6c0f55570","canon/laws/constructors.yaml":"sha256:01ab511b28372a89819e78c27e64ce528d24ade6e8ae0b04be44867b28e8a46f","canon/laws/features.yaml":"sha256:80fabf35463b4fceb850f65c3d471d757c7d65227187364879a3aa7fd2069cc8","canon/laws/gates.yaml":"sha256:45d489b6d5c53f6f557b053a8edaf4242028ac6a29edcaa321caf9a2a0766774","canon/laws/guarantees.yaml":"sha256:2ac2f64d0c3ed81387ca87dfa23a58a45ac2a1b625ad531ab4df2be0fe49cb4e","canon/laws/model.yaml":"sha256:c188723ef0cfcec63fd6148e235098e55d957e876e30df8aa7127733aeffdba6","canon/laws/outputs.yaml":"sha256:394229de6913f1f72dc27184c1e387b10e32976d40b6e8462ff47ae78dfce547","canon/laws/recovery.yaml":"sha256:b1223250ff99565abed75a1dcee9bd165d32ba65ec48b4870027f8505df33b08","canon/laws/temporal.yaml":"sha256:74e28206b15f32360ddc8526ce507a91746eaaaefa63dccf35dd132ad7cd6fd0","canon/laws/types.yaml":"sha256:1ad1f5e3f45292d7a254e05a4acdc73b55e54d3c3d48374b75f40141a0bde5ab","canon/laws/values.yaml":"sha256:6eafd3eb23be2460689498e0332765b40e53d670d0283284ae09a908e0ebcf8a","canon/laws/yaml-profile.yaml":"sha256:70855dcdfc8ceff7e1124b4f2cc2af373f0eef12483de945167e2254c1e55c20","canon/migrations.yaml":"sha256:63dc5c858fc30e6ec7fea1539c5bbc0bf0f15e459a33b4d9d16676629438c136","canon/projections.yaml":"sha256:5aa9e7029a28bf21a2f6a4d388915f24d81cb59b4e823be6c523f2d73bb84358","canon/providers.yaml":"sha256:56793fd247acf62c1c0a3e2f2897cb9124023bcf594520df8b2cd3a947f17376","canon/snippets/registry.yaml":"sha256:48e4de76ea3b99a1f19c23d8e1e0eb273bbeb844b5f491510a9b36107320e378","canon/surface.yaml":"sha256:148825b118dfd16469846fa350b0cddb3e010a413b2b2dcde9ea0433f4486138","canon/templates/registry.yaml":"sha256:0bec952608b9ecb5d3a365cfb998fc916aa50c50faa58d5fcb093574d679124a","canon/tombstones.yaml":"sha256:99764c3be621c4f163aedbf65592fed3630ca72e9bef0eff4cb65729ec8fd242","canon/types.yaml":"sha256:0466678ae37b88e871df0705823c11c03de7aaa9d770d97c71ab790f47fa809c","projections/laws-index.json":"sha256:bdf434ed10822ce1208375cf3b240ec521ca83b1befbaefe33e84e17d42c3c4f"},"registry_row_counts":{"builtins":28,"conformance":8,"diagnostics":93,"features":6,"grammar":34,"migrations":9,"projections":2,"providers":17,"snippets":1,"surface":26,"templates":10,"tombstones":11,"types":2},"ssot_lock_format":1}
