{"components":{"builtins":["canon/builtins.yaml"],"conformance":["canon/conformance.yaml"],"diagnostics":["canon/diagnostics/registry.yaml"],"features":["canon/features.yaml"],"grammar":["canon/grammar.yaml"],"laws":["canon/laws/assertions.yaml","canon/laws/authority.yaml","canon/laws/constructors.yaml","canon/laws/features.yaml","canon/laws/gates.yaml","canon/laws/guarantees.yaml","canon/laws/model.yaml","canon/laws/outputs.yaml","canon/laws/recovery.yaml","canon/laws/temporal.yaml","canon/laws/types.yaml","canon/laws/values.yaml","canon/laws/yaml-profile.yaml"],"migrations":["canon/migrations.yaml"],"projections":["canon/projections.yaml"],"snippets":["canon/snippets/registry.yaml"],"surface":["canon/surface.yaml"],"templates":["canon/templates/registry.yaml"],"tombstones":["canon/tombstones.yaml"],"types":["canon/types.yaml"]},"generator":{"identity":"ssot-compiler","source_sha256":"sha256:3896242ee5d156fc63e4b1c03f6cd07ca90ec1080cb829bc0e71b989d2f40971","version":"0.2.0-sandbox"},"law_count":147,"leaves":{"canon/builtins.yaml":"sha256:c69102989cdb7ea175d205bf81b818acd25aca9aa010204386b76bb07a37e5fb","canon/conformance.yaml":"sha256:60d9595d27c69605da2b921fe132a8db2422ff72178b2d31e1dfbbb08a36064e","canon/diagnostics/registry.yaml":"sha256:4d50116b7f26c7a8bccfd0a0d298b5d7f99de40b0087ed177cafd1d1891cdc55","canon/features.yaml":"sha256:784f8aa3906291bea2aed89df2816d433afc2d4315b7af3eafa009a40c5c112e","canon/grammar.yaml":"sha256:cc72fe2f1b7cc512d79a39791e8328988a1f0f09b3defb28d37c45a52595d201","canon/laws/assertions.yaml":"sha256:3b8acab9a11ff60799218b6541567097486b54eab0f3b35fa3e9507fe02a1b50","canon/laws/authority.yaml":"sha256:99e12006e35f745f867647b06f7cc731ed8b4f80905cf9a3c4bb31a6c0f55570","canon/laws/constructors.yaml":"sha256:01ab511b28372a89819e78c27e64ce528d24ade6e8ae0b04be44867b28e8a46f","canon/laws/features.yaml":"sha256:80fabf35463b4fceb850f65c3d471d757c7d65227187364879a3aa7fd2069cc8","canon/laws/gates.yaml":"sha256:45d489b6d5c53f6f557b053a8edaf4242028ac6a29edcaa321caf9a2a0766774","canon/laws/guarantees.yaml":"sha256:2ac2f64d0c3ed81387ca87dfa23a58a45ac2a1b625ad531ab4df2be0fe49cb4e","canon/laws/model.yaml":"sha256:c188723ef0cfcec63fd6148e235098e55d957e876e30df8aa7127733aeffdba6","canon/laws/outputs.yaml":"sha256:394229de6913f1f72dc27184c1e387b10e32976d40b6e8462ff47ae78dfce547","canon/laws/recovery.yaml":"sha256:b1223250ff99565abed75a1dcee9bd165d32ba65ec48b4870027f8505df33b08","canon/laws/temporal.yaml":"sha256:74e28206b15f32360ddc8526ce507a91746eaaaefa63dccf35dd132ad7cd6fd0","canon/laws/types.yaml":"sha256:1360d12b38012636a04fe5896724b9be771e2703ab04faca3dbb3c1291b818af","canon/laws/values.yaml":"sha256:333a11289c21157432d392a44e9673760fdfc043084aa43cb603c977a06db31b","canon/laws/yaml-profile.yaml":"sha256:0185ac2eaa1b9c0c02d23cf10e7366f2d7384391aa2ebd54e90b560d7d859579","canon/migrations.yaml":"sha256:f174c60d908d04d6ec235576d46d99b20d9dfdb409b7ac4f650e518073d1391d","canon/projections.yaml":"sha256:5aa9e7029a28bf21a2f6a4d388915f24d81cb59b4e823be6c523f2d73bb84358","canon/snippets/registry.yaml":"sha256:48e4de76ea3b99a1f19c23d8e1e0eb273bbeb844b5f491510a9b36107320e378","canon/surface.yaml":"sha256:74fb80d7dffe6ada2cf7ce53efe10a81d77b9fbc5b8230f3cdf911a1d7c8bac5","canon/templates/registry.yaml":"sha256:0bec952608b9ecb5d3a365cfb998fc916aa50c50faa58d5fcb093574d679124a","canon/tombstones.yaml":"sha256:baf51000ebb0cf9d86adc5dbfc4c2d64478a779cd95cb65616379a1fc47c5778","canon/types.yaml":"sha256:0466678ae37b88e871df0705823c11c03de7aaa9d770d97c71ab790f47fa809c","projections/laws-index.json":"sha256:34a9ca4e92b7188176c4fc132267f741224c93c2ad453cd54de8927d98fd9890"},"registry_row_counts":{"builtins":28,"conformance":8,"diagnostics":93,"features":6,"grammar":34,"migrations":7,"projections":2,"snippets":1,"surface":25,"templates":10,"tombstones":1,"types":2},"ssot_lock_format":1}
